// !$*UTF8*$!
{
	archiveVersion = 1;
	classes = {
	};
	objectVersion = 46;
	objects = {

/* Begin PBXBuildFile section */
		D459467C184934AF00E76C99 /* README.md in Resources */ = {isa = PBXBuildFile; fileRef = D459467B184934AF00E76C99 /* README.md */; };
		D4B36187184CF44300CC1CBF /* PreferencesViewController.m in Sources */ = {isa = PBXBuildFile; fileRef = D4B36186184CF44300CC1CBF /* PreferencesViewController.m */; };
		D4C5FD92184D2A4F006C6306 /* ForumSectionsViewController.m in Sources */ = {isa = PBXBuildFile; fileRef = D4C5FD91184D2A4F006C6306 /* ForumSectionsViewController.m */; };
		D4C5FD95184D2C7D006C6306 /* SectionThreadsViewController.m in Sources */ = {isa = PBXBuildFile; fileRef = D4C5FD94184D2C7D006C6306 /* SectionThreadsViewController.m */; };
		D4C5FD98184D2CAB006C6306 /* ThreadViewController.m in Sources */ = {isa = PBXBuildFile; fileRef = D4C5FD97184D2CAB006C6306 /* ThreadViewController.m */; };
		D4C5FD9D184D2CFE006C6306 /* NewsMainPageViewController.m in Sources */ = {isa = PBXBuildFile; fileRef = D4C5FD9C184D2CFE006C6306 /* NewsMainPageViewController.m */; };
		D4CF91DF1847D86C00E5CD4F /* Foundation.framework in Frameworks */ = {isa = PBXBuildFile; fileRef = D4CF91DE1847D86C00E5CD4F /* Foundation.framework */; };
		D4CF91E11847D86C00E5CD4F /* CoreGraphics.framework in Frameworks */ = {isa = PBXBuildFile; fileRef = D4CF91E01847D86C00E5CD4F /* CoreGraphics.framework */; };
		D4CF91E31847D86C00E5CD4F /* UIKit.framework in Frameworks */ = {isa = PBXBuildFile; fileRef = D4CF91E21847D86C00E5CD4F /* UIKit.framework */; };
		D4CF91E91847D86C00E5CD4F /* InfoPlist.strings in Resources */ = {isa = PBXBuildFile; fileRef = D4CF91E71847D86C00E5CD4F /* InfoPlist.strings */; };
		D4CF91EB1847D86C00E5CD4F /* main.m in Sources */ = {isa = PBXBuildFile; fileRef = D4CF91EA1847D86C00E5CD4F /* main.m */; };
		D4CF91EF1847D86C00E5CD4F /* AppDelegate.m in Sources */ = {isa = PBXBuildFile; fileRef = D4CF91EE1847D86C00E5CD4F /* AppDelegate.m */; };
		D4CF91F11847D86C00E5CD4F /* Images.xcassets in Resources */ = {isa = PBXBuildFile; fileRef = D4CF91F01847D86C00E5CD4F /* Images.xcassets */; };
		D4CF91F81847D86C00E5CD4F /* XCTest.framework in Frameworks */ = {isa = PBXBuildFile; fileRef = D4CF91F71847D86C00E5CD4F /* XCTest.framework */; };
		D4CF91F91847D86C00E5CD4F /* Foundation.framework in Frameworks */ = {isa = PBXBuildFile; fileRef = D4CF91DE1847D86C00E5CD4F /* Foundation.framework */; };
		D4CF91FA1847D86C00E5CD4F /* UIKit.framework in Frameworks */ = {isa = PBXBuildFile; fileRef = D4CF91E21847D86C00E5CD4F /* UIKit.framework */; };
		D4CF92021847D86C00E5CD4F /* InfoPlist.strings in Resources */ = {isa = PBXBuildFile; fileRef = D4CF92001847D86C00E5CD4F /* InfoPlist.strings */; };
		D4CF92041847D86C00E5CD4F /* OnlinerReaderTests.m in Sources */ = {isa = PBXBuildFile; fileRef = D4CF92031847D86C00E5CD4F /* OnlinerReaderTests.m */; };
		D4CF920E1847D88300E5CD4F /* Storyboard.storyboard in Resources */ = {isa = PBXBuildFile; fileRef = D4CF920D1847D88300E5CD4F /* Storyboard.storyboard */; };
		D4F07D181848C37500ACB115 /* ForumMainPageViewController.m in Sources */ = {isa = PBXBuildFile; fileRef = D4F07D171848C37500ACB115 /* ForumMainPageViewController.m */; };
		D4F07D1A1848C51500ACB115 /* libxml2.dylib in Frameworks */ = {isa = PBXBuildFile; fileRef = D4F07D191848C51500ACB115 /* libxml2.dylib */; };
		D4F07D211848C56D00ACB115 /* TFHpple.m in Sources */ = {isa = PBXBuildFile; fileRef = D4F07D1E1848C56D00ACB115 /* TFHpple.m */; };
		D4F07D221848C56D00ACB115 /* TFHppleElement.m in Sources */ = {isa = PBXBuildFile; fileRef = D4F07D1F1848C56D00ACB115 /* TFHppleElement.m */; };
		D4F07D231848C56D00ACB115 /* XPathQuery.m in Sources */ = {isa = PBXBuildFile; fileRef = D4F07D201848C56D00ACB115 /* XPathQuery.m */; };
/* End PBXBuildFile section */

/* Begin PBXContainerItemProxy section */
		D4CF91FB1847D86C00E5CD4F /* PBXContainerItemProxy */ = {
			isa = PBXContainerItemProxy;
			containerPortal = D4CF91D31847D86B00E5CD4F /* Project object */;
			proxyType = 1;
			remoteGlobalIDString = D4CF91DA1847D86B00E5CD4F;
			remoteInfo = OnlinerReader;
		};
/* End PBXContainerItemProxy section */

/* Begin PBXFileReference section */
		D459467B184934AF00E76C99 /* README.md */ = {isa = PBXFileReference; fileEncoding = 4; lastKnownFileType = text; path = README.md; sourceTree = "<group>"; };
		D4B36185184CF44300CC1CBF /* PreferencesViewController.h */ = {isa = PBXFileReference; fileEncoding = 4; lastKnownFileType = sourcecode.c.h; path = PreferencesViewController.h; sourceTree = "<group>"; };
		D4B36186184CF44300CC1CBF /* PreferencesViewController.m */ = {isa = PBXFileReference; fileEncoding = 4; lastKnownFileType = sourcecode.c.objc; path = PreferencesViewController.m; sourceTree = "<group>"; };
		D4C5FD90184D2A4F006C6306 /* ForumSectionsViewController.h */ = {isa = PBXFileReference; fileEncoding = 4; lastKnownFileType = sourcecode.c.h; path = ForumSectionsViewController.h; sourceTree = "<group>"; };
		D4C5FD91184D2A4F006C6306 /* ForumSectionsViewController.m */ = {isa = PBXFileReference; fileEncoding = 4; lastKnownFileType = sourcecode.c.objc; path = ForumSectionsViewController.m; sourceTree = "<group>"; };
		D4C5FD93184D2C7D006C6306 /* SectionThreadsViewController.h */ = {isa = PBXFileReference; fileEncoding = 4; lastKnownFileType = sourcecode.c.h; path = SectionThreadsViewController.h; sourceTree = "<group>"; };
		D4C5FD94184D2C7D006C6306 /* SectionThreadsViewController.m */ = {isa = PBXFileReference; fileEncoding = 4; lastKnownFileType = sourcecode.c.objc; path = SectionThreadsViewController.m; sourceTree = "<group>"; };
		D4C5FD96184D2CAB006C6306 /* ThreadViewController.h */ = {isa = PBXFileReference; fileEncoding = 4; lastKnownFileType = sourcecode.c.h; path = ThreadViewController.h; sourceTree = "<group>"; };
		D4C5FD97184D2CAB006C6306 /* ThreadViewController.m */ = {isa = PBXFileReference; fileEncoding = 4; lastKnownFileType = sourcecode.c.objc; path = ThreadViewController.m; sourceTree = "<group>"; };
		D4C5FD9B184D2CFE006C6306 /* NewsMainPageViewController.h */ = {isa = PBXFileReference; fileEncoding = 4; lastKnownFileType = sourcecode.c.h; path = NewsMainPageViewController.h; sourceTree = "<group>"; };
		D4C5FD9C184D2CFE006C6306 /* NewsMainPageViewController.m */ = {isa = PBXFileReference; fileEncoding = 4; lastKnownFileType = sourcecode.c.objc; path = NewsMainPageViewController.m; sourceTree = "<group>"; };
		D4CF91DB1847D86C00E5CD4F /* OnlinerReader.app */ = {isa = PBXFileReference; explicitFileType = wrapper.application; includeInIndex = 0; path = OnlinerReader.app; sourceTree = BUILT_PRODUCTS_DIR; };
		D4CF91DE1847D86C00E5CD4F /* Foundation.framework */ = {isa = PBXFileReference; lastKnownFileType = wrapper.framework; name = Foundation.framework; path = System/Library/Frameworks/Foundation.framework; sourceTree = SDKROOT; };
		D4CF91E01847D86C00E5CD4F /* CoreGraphics.framework */ = {isa = PBXFileReference; lastKnownFileType = wrapper.framework; name = CoreGraphics.framework; path = System/Library/Frameworks/CoreGraphics.framework; sourceTree = SDKROOT; };
		D4CF91E21847D86C00E5CD4F /* UIKit.framework */ = {isa = PBXFileReference; lastKnownFileType = wrapper.framework; name = UIKit.framework; path = System/Library/Frameworks/UIKit.framework; sourceTree = SDKROOT; };
		D4CF91E61847D86C00E5CD4F /* OnlinerReader-Info.plist */ = {isa = PBXFileReference; lastKnownFileType = text.plist.xml; path = "OnlinerReader-Info.plist"; sourceTree = "<group>"; };
		D4CF91E81847D86C00E5CD4F /* en */ = {isa = PBXFileReference; lastKnownFileType = text.plist.strings; name = en; path = en.lproj/InfoPlist.strings; sourceTree = "<group>"; };
		D4CF91EA1847D86C00E5CD4F /* main.m */ = {isa = PBXFileReference; lastKnownFileType = sourcecode.c.objc; path = main.m; sourceTree = "<group>"; };
		D4CF91EC1847D86C00E5CD4F /* OnlinerReader-Prefix.pch */ = {isa = PBXFileReference; lastKnownFileType = sourcecode.c.h; path = "OnlinerReader-Prefix.pch"; sourceTree = "<group>"; };
		D4CF91ED1847D86C00E5CD4F /* AppDelegate.h */ = {isa = PBXFileReference; lastKnownFileType = sourcecode.c.h; path = AppDelegate.h; sourceTree = "<group>"; };
		D4CF91EE1847D86C00E5CD4F /* AppDelegate.m */ = {isa = PBXFileReference; lastKnownFileType = sourcecode.c.objc; path = AppDelegate.m; sourceTree = "<group>"; };
		D4CF91F01847D86C00E5CD4F /* Images.xcassets */ = {isa = PBXFileReference; lastKnownFileType = folder.assetcatalog; path = Images.xcassets; sourceTree = "<group>"; };
		D4CF91F61847D86C00E5CD4F /* OnlinerReaderTests.xctest */ = {isa = PBXFileReference; explicitFileType = wrapper.cfbundle; includeInIndex = 0; path = OnlinerReaderTests.xctest; sourceTree = BUILT_PRODUCTS_DIR; };
		D4CF91F71847D86C00E5CD4F /* XCTest.framework */ = {isa = PBXFileReference; lastKnownFileType = wrapper.framework; name = XCTest.framework; path = Library/Frameworks/XCTest.framework; sourceTree = DEVELOPER_DIR; };
		D4CF91FF1847D86C00E5CD4F /* OnlinerReaderTests-Info.plist */ = {isa = PBXFileReference; lastKnownFileType = text.plist.xml; path = "OnlinerReaderTests-Info.plist"; sourceTree = "<group>"; };
		D4CF92011847D86C00E5CD4F /* en */ = {isa = PBXFileReference; lastKnownFileType = text.plist.strings; name = en; path = en.lproj/InfoPlist.strings; sourceTree = "<group>"; };
		D4CF92031847D86C00E5CD4F /* OnlinerReaderTests.m */ = {isa = PBXFileReference; lastKnownFileType = sourcecode.c.objc; path = OnlinerReaderTests.m; sourceTree = "<group>"; };
		D4CF920D1847D88300E5CD4F /* Storyboard.storyboard */ = {isa = PBXFileReference; fileEncoding = 4; lastKnownFileType = file.storyboard; path = Storyboard.storyboard; sourceTree = "<group>"; };
		D4F07D161848C37500ACB115 /* ForumMainPageViewController.h */ = {isa = PBXFileReference; fileEncoding = 4; lastKnownFileType = sourcecode.c.h; path = ForumMainPageViewController.h; sourceTree = "<group>"; };
		D4F07D171848C37500ACB115 /* ForumMainPageViewController.m */ = {isa = PBXFileReference; fileEncoding = 4; lastKnownFileType = sourcecode.c.objc; path = ForumMainPageViewController.m; sourceTree = "<group>"; };
		D4F07D191848C51500ACB115 /* libxml2.dylib */ = {isa = PBXFileReference; lastKnownFileType = "compiled.mach-o.dylib"; name = libxml2.dylib; path = usr/lib/libxml2.dylib; sourceTree = SDKROOT; };
		D4F07D1B1848C56D00ACB115 /* TFHpple.h */ = {isa = PBXFileReference; fileEncoding = 4; lastKnownFileType = sourcecode.c.h; path = TFHpple.h; sourceTree = "<group>"; };
		D4F07D1C1848C56D00ACB115 /* TFHppleElement.h */ = {isa = PBXFileReference; fileEncoding = 4; lastKnownFileType = sourcecode.c.h; path = TFHppleElement.h; sourceTree = "<group>"; };
		D4F07D1D1848C56D00ACB115 /* XPathQuery.h */ = {isa = PBXFileReference; fileEncoding = 4; lastKnownFileType = sourcecode.c.h; path = XPathQuery.h; sourceTree = "<group>"; };
		D4F07D1E1848C56D00ACB115 /* TFHpple.m */ = {isa = PBXFileReference; fileEncoding = 4; lastKnownFileType = sourcecode.c.objc; path = TFHpple.m; sourceTree = "<group>"; };
		D4F07D1F1848C56D00ACB115 /* TFHppleElement.m */ = {isa = PBXFileReference; fileEncoding = 4; lastKnownFileType = sourcecode.c.objc; path = TFHppleElement.m; sourceTree = "<group>"; };
		D4F07D201848C56D00ACB115 /* XPathQuery.m */ = {isa = PBXFileReference; fileEncoding = 4; lastKnownFileType = sourcecode.c.objc; path = XPathQuery.m; sourceTree = "<group>"; };
/* End PBXFileReference section */

/* Begin PBXFrameworksBuildPhase section */
		D4CF91D81847D86B00E5CD4F /* Frameworks */ = {
			isa = PBXFrameworksBuildPhase;
			buildActionMask = 2147483647;
			files = (
				D4F07D1A1848C51500ACB115 /* libxml2.dylib in Frameworks */,
				D4CF91E11847D86C00E5CD4F /* CoreGraphics.framework in Frameworks */,
				D4CF91E31847D86C00E5CD4F /* UIKit.framework in Frameworks */,
				D4CF91DF1847D86C00E5CD4F /* Foundation.framework in Frameworks */,
			);
			runOnlyForDeploymentPostprocessing = 0;
		};
		D4CF91F31847D86C00E5CD4F /* Frameworks */ = {
			isa = PBXFrameworksBuildPhase;
			buildActionMask = 2147483647;
			files = (
				D4CF91F81847D86C00E5CD4F /* XCTest.framework in Frameworks */,
				D4CF91FA1847D86C00E5CD4F /* UIKit.framework in Frameworks */,
				D4CF91F91847D86C00E5CD4F /* Foundation.framework in Frameworks */,
			);
			runOnlyForDeploymentPostprocessing = 0;
		};
/* End PBXFrameworksBuildPhase section */

/* Begin PBXGroup section */
		D46EAC6D184FA9FA00EA0712 /* Resources */ = {
			isa = PBXGroup;
			children = (
				D46EAC6E184FAA0E00EA0712 /* UI */,
				D4CF91F01847D86C00E5CD4F /* Images.xcassets */,
			);
			path = Resources;
			sourceTree = "<group>";
		};
		D46EAC6E184FAA0E00EA0712 /* UI */ = {
			isa = PBXGroup;
			children = (
				D4CF920D1847D88300E5CD4F /* Storyboard.storyboard */,
			);
			path = UI;
			sourceTree = "<group>";
		};
		D46EAC6F184FABB300EA0712 /* Source */ = {
			isa = PBXGroup;
			children = (
				D4F07D241848C57500ACB115 /* hpple */,
				D4F07D151848C34500ACB115 /* ViewControllers */,
				D4CF91ED1847D86C00E5CD4F /* AppDelegate.h */,
				D4CF91EE1847D86C00E5CD4F /* AppDelegate.m */,
			);
			path = Source;
			sourceTree = "<group>";
		};
		D4C5FD99184D2CE3006C6306 /* Forum */ = {
			isa = PBXGroup;
			children = (
				D4F07D161848C37500ACB115 /* ForumMainPageViewController.h */,
				D4F07D171848C37500ACB115 /* ForumMainPageViewController.m */,
				D4C5FD90184D2A4F006C6306 /* ForumSectionsViewController.h */,
				D4C5FD91184D2A4F006C6306 /* ForumSectionsViewController.m */,
				D4C5FD93184D2C7D006C6306 /* SectionThreadsViewController.h */,
				D4C5FD94184D2C7D006C6306 /* SectionThreadsViewController.m */,
				D4C5FD96184D2CAB006C6306 /* ThreadViewController.h */,
				D4C5FD97184D2CAB006C6306 /* ThreadViewController.m */,
			);
			path = Forum;
			sourceTree = "<group>";
		};
		D4C5FD9A184D2CE9006C6306 /* News */ = {
			isa = PBXGroup;
			children = (
				D4C5FD9B184D2CFE006C6306 /* NewsMainPageViewController.h */,
				D4C5FD9C184D2CFE006C6306 /* NewsMainPageViewController.m */,
			);
			path = News;
			sourceTree = "<group>";
		};
		D4CF91D21847D86B00E5CD4F = {
			isa = PBXGroup;
			children = (
				D4CF91E41847D86C00E5CD4F /* OnlinerReader */,
				D4CF91FD1847D86C00E5CD4F /* OnlinerReaderTests */,
				D4CF91DD1847D86C00E5CD4F /* Frameworks */,
				D4CF91DC1847D86C00E5CD4F /* Products */,
				D459467B184934AF00E76C99 /* README.md */,
			);
			sourceTree = "<group>";
		};
		D4CF91DC1847D86C00E5CD4F /* Products */ = {
			isa = PBXGroup;
			children = (
				D4CF91DB1847D86C00E5CD4F /* OnlinerReader.app */,
				D4CF91F61847D86C00E5CD4F /* OnlinerReaderTests.xctest */,
			);
			name = Products;
			sourceTree = "<group>";
		};
		D4CF91DD1847D86C00E5CD4F /* Frameworks */ = {
			isa = PBXGroup;
			children = (
				D4F07D191848C51500ACB115 /* libxml2.dylib */,
				D4CF91DE1847D86C00E5CD4F /* Foundation.framework */,
				D4CF91E01847D86C00E5CD4F /* CoreGraphics.framework */,
				D4CF91E21847D86C00E5CD4F /* UIKit.framework */,
				D4CF91F71847D86C00E5CD4F /* XCTest.framework */,
			);
			name = Frameworks;
			sourceTree = "<group>";
		};
		D4CF91E41847D86C00E5CD4F /* OnlinerReader */ = {
			isa = PBXGroup;
			children = (
				D4CF91E51847D86C00E5CD4F /* Supporting Files */,
				D46EAC6D184FA9FA00EA0712 /* Resources */,
				D46EAC6F184FABB300EA0712 /* Source */,
			);
			path = OnlinerReader;
			sourceTree = "<group>";
		};
		D4CF91E51847D86C00E5CD4F /* Supporting Files */ = {
			isa = PBXGroup;
			children = (
				D4CF91E61847D86C00E5CD4F /* OnlinerReader-Info.plist */,
				D4CF91E71847D86C00E5CD4F /* InfoPlist.strings */,
				D4CF91EA1847D86C00E5CD4F /* main.m */,
				D4CF91EC1847D86C00E5CD4F /* OnlinerReader-Prefix.pch */,
			);
			name = "Supporting Files";
			sourceTree = "<group>";
		};
		D4CF91FD1847D86C00E5CD4F /* OnlinerReaderTests */ = {
			isa = PBXGroup;
			children = (
				D4CF92031847D86C00E5CD4F /* OnlinerReaderTests.m */,
				D4CF91FE1847D86C00E5CD4F /* Supporting Files */,
			);
			path = OnlinerReaderTests;
			sourceTree = "<group>";
		};
		D4CF91FE1847D86C00E5CD4F /* Supporting Files */ = {
			isa = PBXGroup;
			children = (
				D4CF91FF1847D86C00E5CD4F /* OnlinerReaderTests-Info.plist */,
				D4CF92001847D86C00E5CD4F /* InfoPlist.strings */,
			);
			name = "Supporting Files";
			sourceTree = "<group>";
		};
		D4F07D151848C34500ACB115 /* ViewControllers */ = {
			isa = PBXGroup;
			children = (
				D4C5FD9A184D2CE9006C6306 /* News */,
				D4C5FD99184D2CE3006C6306 /* Forum */,
				D4B36185184CF44300CC1CBF /* PreferencesViewController.h */,
				D4B36186184CF44300CC1CBF /* PreferencesViewController.m */,
			);
			name = ViewControllers;
			path = VIewControllers;
			sourceTree = "<group>";
		};
		D4F07D241848C57500ACB115 /* hpple */ = {
			isa = PBXGroup;
			children = (
				D4F07D1B1848C56D00ACB115 /* TFHpple.h */,
				D4F07D1C1848C56D00ACB115 /* TFHppleElement.h */,
				D4F07D1D1848C56D00ACB115 /* XPathQuery.h */,
				D4F07D1E1848C56D00ACB115 /* TFHpple.m */,
				D4F07D1F1848C56D00ACB115 /* TFHppleElement.m */,
				D4F07D201848C56D00ACB115 /* XPathQuery.m */,
			);
			path = hpple;
			sourceTree = "<group>";
		};
/* End PBXGroup section */

/* Begin PBXNativeTarget section */
		D4CF91DA1847D86B00E5CD4F /* OnlinerReader */ = {
			isa = PBXNativeTarget;
			buildConfigurationList = D4CF92071847D86C00E5CD4F /* Build configuration list for PBXNativeTarget "OnlinerReader" */;
			buildPhases = (
				D4CF91D71847D86B00E5CD4F /* Sources */,
				D4CF91D81847D86B00E5CD4F /* Frameworks */,
				D4CF91D91847D86B00E5CD4F /* Resources */,
			);
			buildRules = (
			);
			dependencies = (
			);
			name = OnlinerReader;
			productName = OnlinerReader;
			productReference = D4CF91DB1847D86C00E5CD4F /* OnlinerReader.app */;
			productType = "com.apple.product-type.application";
		};
		D4CF91F51847D86C00E5CD4F /* OnlinerReaderTests */ = {
			isa = PBXNativeTarget;
			buildConfigurationList = D4CF920A1847D86C00E5CD4F /* Build configuration list for PBXNativeTarget "OnlinerReaderTests" */;
			buildPhases = (
				D4CF91F21847D86C00E5CD4F /* Sources */,
				D4CF91F31847D86C00E5CD4F /* Frameworks */,
				D4CF91F41847D86C00E5CD4F /* Resources */,
			);
			buildRules = (
			);
			dependencies = (
				D4CF91FC1847D86C00E5CD4F /* PBXTargetDependency */,
			);
			name = OnlinerReaderTests;
			productName = OnlinerReaderTests;
			productReference = D4CF91F61847D86C00E5CD4F /* OnlinerReaderTests.xctest */;
			productType = "com.apple.product-type.bundle.unit-test";
		};
/* End PBXNativeTarget section */

/* Begin PBXProject section */
		D4CF91D31847D86B00E5CD4F /* Project object */ = {
			isa = PBXProject;
			attributes = {
				LastUpgradeCheck = 0500;
				ORGANIZATIONNAME = "Dmitry Savitskiy";
				TargetAttributes = {
					D4CF91F51847D86C00E5CD4F = {
						TestTargetID = D4CF91DA1847D86B00E5CD4F;
					};
				};
			};
			buildConfigurationList = D4CF91D61847D86B00E5CD4F /* Build configuration list for PBXProject "OnlinerReader" */;
			compatibilityVersion = "Xcode 3.2";
			developmentRegion = English;
			hasScannedForEncodings = 0;
			knownRegions = (
				en,
			);
			mainGroup = D4CF91D21847D86B00E5CD4F;
			productRefGroup = D4CF91DC1847D86C00E5CD4F /* Products */;
			projectDirPath = "";
			projectRoot = "";
			targets = (
				D4CF91DA1847D86B00E5CD4F /* OnlinerReader */,
				D4CF91F51847D86C00E5CD4F /* OnlinerReaderTests */,
			);
		};
/* End PBXProject section */

/* Begin PBXResourcesBuildPhase section */
		D4CF91D91847D86B00E5CD4F /* Resources */ = {
			isa = PBXResourcesBuildPhase;
			buildActionMask = 2147483647;
			files = (
				D4CF91E91847D86C00E5CD4F /* InfoPlist.strings in Resources */,
				D4CF91F11847D86C00E5CD4F /* Images.xcassets in Resources */,
				D459467C184934AF00E76C99 /* README.md in Resources */,
				D4CF920E1847D88300E5CD4F /* Storyboard.storyboard in Resources */,
			);
			runOnlyForDeploymentPostprocessing = 0;
		};
		D4CF91F41847D86C00E5CD4F /* Resources */ = {
			isa = PBXResourcesBuildPhase;
			buildActionMask = 2147483647;
			files = (
				D4CF92021847D86C00E5CD4F /* InfoPlist.strings in Resources */,
			);
			runOnlyForDeploymentPostprocessing = 0;
		};
/* End PBXResourcesBuildPhase section */

/* Begin PBXSourcesBuildPhase section */
		D4CF91D71847D86B00E5CD4F /* Sources */ = {
			isa = PBXSourcesBuildPhase;
			buildActionMask = 2147483647;
			files = (
				D4F07D181848C37500ACB115 /* ForumMainPageViewController.m in Sources */,
				D4CF91EF1847D86C00E5CD4F /* AppDelegate.m in Sources */,
				D4C5FD98184D2CAB006C6306 /* ThreadViewController.m in Sources */,
				D4C5FD9D184D2CFE006C6306 /* NewsMainPageViewController.m in Sources */,
				D4CF91EB1847D86C00E5CD4F /* main.m in Sources */,
				D4C5FD95184D2C7D006C6306 /* SectionThreadsViewController.m in Sources */,
				D4F07D211848C56D00ACB115 /* TFHpple.m in Sources */,
				D4C5FD92184D2A4F006C6306 /* ForumSectionsViewController.m in Sources */,
				D4F07D231848C56D00ACB115 /* XPathQuery.m in Sources */,
				D4B36187184CF44300CC1CBF /* PreferencesViewController.m in Sources */,
				D4F07D221848C56D00ACB115 /* TFHppleElement.m in Sources */,
			);
			runOnlyForDeploymentPostprocessing = 0;
		};
		D4CF91F21847D86C00E5CD4F /* Sources */ = {
			isa = PBXSourcesBuildPhase;
			buildActionMask = 2147483647;
			files = (
				D4CF92041847D86C00E5CD4F /* OnlinerReaderTests.m in Sources */,
			);
			runOnlyForDeploymentPostprocessing = 0;
		};
/* End PBXSourcesBuildPhase section */

/* Begin PBXTargetDependency section */
		D4CF91FC1847D86C00E5CD4F /* PBXTargetDependency */ = {
			isa = PBXTargetDependency;
			target = D4CF91DA1847D86B00E5CD4F /* OnlinerReader */;
			targetProxy = D4CF91FB1847D86C00E5CD4F /* PBXContainerItemProxy */;
		};
/* End PBXTargetDependency section */

/* Begin PBXVariantGroup section */
		D4CF91E71847D86C00E5CD4F /* InfoPlist.strings */ = {
			isa = PBXVariantGroup;
			children = (
				D4CF91E81847D86C00E5CD4F /* en */,
			);
			name = InfoPlist.strings;
			sourceTree = "<group>";
		};
		D4CF92001847D86C00E5CD4F /* InfoPlist.strings */ = {
			isa = PBXVariantGroup;
			children = (
				D4CF92011847D86C00E5CD4F /* en */,
			);
			name = InfoPlist.strings;
			sourceTree = "<group>";
		};
/* End PBXVariantGroup section */

/* Begin XCBuildConfiguration section */
		D4CF92051847D86C00E5CD4F /* Debug */ = {
			isa = XCBuildConfiguration;
			buildSettings = {
				ALWAYS_SEARCH_USER_PATHS = NO;
				ARCHS = "$(ARCHS_STANDARD_INCLUDING_64_BIT)";
				CLANG_CXX_LANGUAGE_STANDARD = "gnu++0x";
				CLANG_CXX_LIBRARY = "libc++";
				CLANG_ENABLE_MODULES = YES;
				CLANG_ENABLE_OBJC_ARC = YES;
				CLANG_WARN_BOOL_CONVERSION = YES;
				CLANG_WARN_CONSTANT_CONVERSION = YES;
				CLANG_WARN_DIRECT_OBJC_ISA_USAGE = YES_ERROR;
				CLANG_WARN_EMPTY_BODY = YES;
				CLANG_WARN_ENUM_CONVERSION = YES;
				CLANG_WARN_INT_CONVERSION = YES;
				CLANG_WARN_OBJC_ROOT_CLASS = YES_ERROR;
				CLANG_WARN__DUPLICATE_METHOD_MATCH = YES;
				"CODE_SIGN_IDENTITY[sdk=iphoneos*]" = "iPhone Developer";
				COPY_PHASE_STRIP = NO;
				GCC_C_LANGUAGE_STANDARD = gnu99;
				GCC_DYNAMIC_NO_PIC = NO;
				GCC_OPTIMIZATION_LEVEL = 0;
				GCC_PREPROCESSOR_DEFINITIONS = (
					"DEBUG=1",
					"$(inherited)",
				);
				GCC_SYMBOLS_PRIVATE_EXTERN = NO;
				GCC_WARN_64_TO_32_BIT_CONVERSION = YES;
				GCC_WARN_ABOUT_RETURN_TYPE = YES_ERROR;
				GCC_WARN_UNDECLARED_SELECTOR = YES;
				GCC_WARN_UNINITIALIZED_AUTOS = YES;
				GCC_WARN_UNUSED_FUNCTION = YES;
				GCC_WARN_UNUSED_VARIABLE = YES;
				IPHONEOS_DEPLOYMENT_TARGET = 7.0;
				ONLY_ACTIVE_ARCH = YES;
				SDKROOT = iphoneos;
			};
			name = Debug;
		};
		D4CF92061847D86C00E5CD4F /* Release */ = {
			isa = XCBuildConfiguration;
			buildSettings = {
				ALWAYS_SEARCH_USER_PATHS = NO;
				ARCHS = "$(ARCHS_STANDARD_INCLUDING_64_BIT)";
				CLANG_CXX_LANGUAGE_STANDARD = "gnu++0x";
				CLANG_CXX_LIBRARY = "libc++";
				CLANG_ENABLE_MODULES = YES;
				CLANG_ENABLE_OBJC_ARC = YES;
				CLANG_WARN_BOOL_CONVERSION = YES;
				CLANG_WARN_CONSTANT_CONVERSION = YES;
				CLANG_WARN_DIRECT_OBJC_ISA_USAGE = YES_ERROR;
				CLANG_WARN_EMPTY_BODY = YES;
				CLANG_WARN_ENUM_CONVERSION = YES;
				CLANG_WARN_INT_CONVERSION = YES;
				CLANG_WARN_OBJC_ROOT_CLASS = YES_ERROR;
				CLANG_WARN__DUPLICATE_METHOD_MATCH = YES;
				"CODE_SIGN_IDENTITY[sdk=iphoneos*]" = "iPhone Developer";
				COPY_PHASE_STRIP = YES;
				ENABLE_NS_ASSERTIONS = NO;
				GCC_C_LANGUAGE_STANDARD = gnu99;
				GCC_WARN_64_TO_32_BIT_CONVERSION = YES;
				GCC_WARN_ABOUT_RETURN_TYPE = YES_ERROR;
				GCC_WARN_UNDECLARED_SELECTOR = YES;
				GCC_WARN_UNINITIALIZED_AUTOS = YES;
				GCC_WARN_UNUSED_FUNCTION = YES;
				GCC_WARN_UNUSED_VARIABLE = YES;
				IPHONEOS_DEPLOYMENT_TARGET = 7.0;
				SDKROOT = iphoneos;
				VALIDATE_PRODUCT = YES;
			};
			name = Release;
		};
		D4CF92081847D86C00E5CD4F /* Debug */ = {
			isa = XCBuildConfiguration;
			buildSettings = {
				ASSETCATALOG_COMPILER_APPICON_NAME = AppIcon;
				ASSETCATALOG_COMPILER_LAUNCHIMAGE_NAME = LaunchImage;
				CODE_SIGN_IDENTITY = "iPhone Developer";
				GCC_PRECOMPILE_PREFIX_HEADER = YES;
				GCC_PREFIX_HEADER = "OnlinerReader/OnlinerReader-Prefix.pch";
				HEADER_SEARCH_PATHS = (
					"$(inherited)",
					/Applications/Xcode.app/Contents/Developer/Toolchains/XcodeDefault.xctoolchain/usr/include,
					"$(SDKROOT)/usr/include/libxml2",
				);
				INFOPLIST_FILE = "OnlinerReader/OnlinerReader-Info.plist";
				PRODUCT_NAME = "$(TARGET_NAME)";
				USER_HEADER_SEARCH_PATHS = "";
				WRAPPER_EXTENSION = app;
			};
			name = Debug;
		};
		D4CF92091847D86C00E5CD4F /* Release */ = {
			isa = XCBuildConfiguration;
			buildSettings = {
				ASSETCATALOG_COMPILER_APPICON_NAME = AppIcon;
				ASSETCATALOG_COMPILER_LAUNCHIMAGE_NAME = LaunchImage;
				CODE_SIGN_IDENTITY = "iPhone Developer";
				GCC_PRECOMPILE_PREFIX_HEADER = YES;
				GCC_PREFIX_HEADER = "OnlinerReader/OnlinerReader-Prefix.pch";
				HEADER_SEARCH_PATHS = (
					"$(inherited)",
					/Applications/Xcode.app/Contents/Developer/Toolchains/XcodeDefault.xctoolchain/usr/include,
					"$(SDKROOT)/usr/include/libxml2",
				);
				INFOPLIST_FILE = "OnlinerReader/OnlinerReader-Info.plist";
				PRODUCT_NAME = "$(TARGET_NAME)";
				USER_HEADER_SEARCH_PATHS = "";
				WRAPPER_EXTENSION = app;
			};
			name = Release;
		};
		D4CF920B1847D86C00E5CD4F /* Debug */ = {
			isa = XCBuildConfiguration;
			buildSettings = {
				ARCHS = "$(ARCHS_STANDARD_INCLUDING_64_BIT)";
				BUNDLE_LOADER = "$(BUILT_PRODUCTS_DIR)/OnlinerReader.app/OnlinerReader";
				FRAMEWORK_SEARCH_PATHS = (
					"$(SDKROOT)/Developer/Library/Frameworks",
					"$(inherited)",
					"$(DEVELOPER_FRAMEWORKS_DIR)",
				);
				GCC_PRECOMPILE_PREFIX_HEADER = YES;
				GCC_PREFIX_HEADER = "OnlinerReader/OnlinerReader-Prefix.pch";
				GCC_PREPROCESSOR_DEFINITIONS = (
					"DEBUG=1",
					"$(inherited)",
				);
				INFOPLIST_FILE = "OnlinerReaderTests/OnlinerReaderTests-Info.plist";
				PRODUCT_NAME = "$(TARGET_NAME)";
				TEST_HOST = "$(BUNDLE_LOADER)";
				WRAPPER_EXTENSION = xctest;
			};
			name = Debug;
		};
		D4CF920C1847D86C00E5CD4F /* Release */ = {
			isa = XCBuildConfiguration;
			buildSettings = {
				ARCHS = "$(ARCHS_STANDARD_INCLUDING_64_BIT)";
				BUNDLE_LOADER = "$(BUILT_PRODUCTS_DIR)/OnlinerReader.app/OnlinerReader";
				FRAMEWORK_SEARCH_PATHS = (
					"$(SDKROOT)/Developer/Library/Frameworks",
					"$(inherited)",
					"$(DEVELOPER_FRAMEWORKS_DIR)",
				);
				GCC_PRECOMPILE_PREFIX_HEADER = YES;
				GCC_PREFIX_HEADER = "OnlinerReader/OnlinerReader-Prefix.pch";
				INFOPLIST_FILE = "OnlinerReaderTests/OnlinerReaderTests-Info.plist";
				PRODUCT_NAME = "$(TARGET_NAME)";
				TEST_HOST = "$(BUNDLE_LOADER)";
				WRAPPER_EXTENSION = xctest;
			};
			name = Release;
		};
/* End XCBuildConfiguration section */

/* Begin XCConfigurationList section */
		D4CF91D61847D86B00E5CD4F /* Build configuration list for PBXProject "OnlinerReader" */ = {
			isa = XCConfigurationList;
			buildConfigurations = (
				D4CF92051847D86C00E5CD4F /* Debug */,
				D4CF92061847D86C00E5CD4F /* Release */,
			);
			defaultConfigurationIsVisible = 0;
			defaultConfigurationName = Release;
		};
		D4CF92071847D86C00E5CD4F /* Build configuration list for PBXNativeTarget "OnlinerReader" */ = {
			isa = XCConfigurationList;
			buildConfigurations = (
				D4CF92081847D86C00E5CD4F /* Debug */,
				D4CF92091847D86C00E5CD4F /* Release */,
			);
			defaultConfigurationIsVisible = 0;
			defaultConfigurationName = Release;
		};
		D4CF920A1847D86C00E5CD4F /* Build configuration list for PBXNativeTarget "OnlinerReaderTests" */ = {
			isa = XCConfigurationList;
			buildConfigurations = (
				D4CF920B1847D86C00E5CD4F /* Debug */,
				D4CF920C1847D86C00E5CD4F /* Release */,
			);
			defaultConfigurationIsVisible = 0;
			defaultConfigurationName = Release;
		};
/* End XCConfigurationList section */
	};
	rootObject = D4CF91D31847D86B00E5CD4F /* Project object */;
}
